
Microsoft Visual Studio Solution File, Format Version 12.00
# Visual Studio 2012
Project("{888888A0-9F3D-457C-B088-3A5042F75D52}") = "KernelRegression", "KernelRegression\KernelRegression.pyproj", "{0000A267-1D4C-4AFD-8F4F-B7A2CDD0DE64}"
EndProject
Global
	GlobalSection(SolutionConfigurationPlatforms) = preSolution
		Debug|Any CPU = Debug|Any CPU
		Release|Any CPU = Release|Any CPU
	EndGlobalSection
	GlobalSection(ProjectConfigurationPlatforms) = postSolution
		{0000A267-1D4C-4AFD-8F4F-B7A2CDD0DE64}.Debug|Any CPU.ActiveCfg = Debug|Any CPU
		{0000A267-1D4C-4AFD-8F4F-B7A2CDD0DE64}.Release|Any CPU.ActiveCfg = Release|Any CPU
	EndGlobalSection
	GlobalSection(SolutionProperties) = preSolution
		HideSolutionNode = FALSE
	EndGlobalSection
EndGlobal
